{
    "_meta": {
        "hash": {
            "sha256": "ee113ec5f3bc7f53d36eaba5d24d72988a4e4f512f957bab9bff5886a1bf429f"
        },
        "pipfile-spec": 6,
        "requires": {
            "python_version": "3.8"
        },
        "sources": [
            {
                "name": "pypi",
                "url": "https://pypi.org/simple",
                "verify_ssl": true
            }
        ]
    },
    "default": {
        "aiofiles": {
            "hashes": [
                "sha256:a1c4fc9b2ff81568c83e21392a82f344ea9d23da906e4f6a52662764545e19d4",
                "sha256:c67a6823b5f23fcab0a2595a289cec7d8c863ffcb4322fb8cd6b90400aedfdbc"
            ],
            "version": "==0.7.0"
        },
        "ajsonrpc": {
            "hashes": [
                "sha256:0fa2c1cf8e619d18ffee96043822032d6520eda65d3b712f9540a3a63e9cac25",
                "sha256:791bac18f0bf0dee109194644f151cf8b7ff529c4b8d6239ac48104a3251a19f"
            ],
            "version": "==1.2.0"
        },
        "anyio": {
            "hashes": [
                "sha256:4fd09a25ab7fa01d34512b7249e366cd10358cdafc95022c7ff8c8f8a5026d66",
                "sha256:67da67b5b21f96b9d3d65daa6ea99f5d5282cb09f50eb4456f8fb51dffefc3ff"
            ],
            "version": "==3.3.4"
        },
        "asgiref": {
            "hashes": [
                "sha256:4ef1ab46b484e3c706329cedeff284a5d40824200638503f5768edb6de7d58e9",
                "sha256:ffc141aa908e6f175673e7b1b3b7af4fdb0ecb738fc5c8b88f69f055c2415214"
            ],
            "version": "==3.4.1"
        },
        "bottle": {
            "hashes": [
                "sha256:a9d73ffcbc6a1345ca2d7949638db46349f5b2b77dac65d6494d45c23628da2c",
                "sha256:f6b8a34fe9aa406f9813c02990db72ca69ce6a158b5b156d2c41f345016a723d"
            ],
            "version": "==0.12.19"
        },
        "certifi": {
            "hashes": [
                "sha256:78884e7c1d4b00ce3cea67b44566851c4343c120abd683433ce934a68ea58872",
                "sha256:d62a0163eb4c2344ac042ab2bdf75399a71a2d8c7d47eac2e2ee91b9d6339569"
            ],
            "version": "==2021.10.8"
        },
        "charset-normalizer": {
            "hashes": [
                "sha256:e019de665e2bcf9c2b64e2e5aa025fa991da8720daa3c1138cadd2fd1856aed0",
                "sha256:f7af805c321bfa1ce6714c51f254e0d5bb5e5834039bc17db7ebe3a4cec9492b"
            ],
            "markers": "python_version >= '3'",
            "version": "==2.0.7"
        },
        "click": {
            "hashes": [
                "sha256:353f466495adaeb40b6b5f592f9f91cb22372351c84caeb068132442a4518ef3",
                "sha256:410e932b050f5eed773c4cda94de75971c89cdb3155a72a0831139a79e5ecb5b"
            ],
            "version": "==8.0.3"
        },
        "colorama": {
            "hashes": [
                "sha256:5941b2b48a20143d2267e95b1c2a7603ce057ee39fd88e7329b0c292aa16869b",
                "sha256:9f47eda37229f68eee03b24b9748937c7dc3868f906e8ba69fbcbdd3bc5dc3e2"
            ],
            "version": "==0.4.4"
        },
        "h11": {
            "hashes": [
                "sha256:36a3cb8c0a032f56e2da7084577878a035d3b61d104230d4bd49c0c6b555a9c6",
                "sha256:47222cb6067e4a307d535814917cd98fd0a57b6788ce715755fa2b6c28b56042"
            ],
            "version": "==0.12.0"
        },
        "idna": {
            "hashes": [
                "sha256:84d9dd047ffa80596e0f246e2eab0b391788b0503584e8945f2368256d2735ff",
                "sha256:9d643ff0a55b762d5cdb124b8eaa99c66322e2157b69160bc32796e824360e6d"
            ],
            "markers": "python_version >= '3'",
            "version": "==3.3"
        },
        "ifaddr": {
            "hashes": [
                "sha256:1f9e8a6ca6f16db5a37d3356f07b6e52344f6f9f7e806d618537731669eb1a94",
                "sha256:d1f603952f0a71c9ab4e705754511e4e03b02565bc4cec7188ad6415ff534cd3"
            ],
            "version": "==0.1.7"
        },
        "marshmallow": {
            "hashes": [
                "sha256:6d00e42d6d6289f8cd3e77618a01689d57a078fe324ee579b00fa206d32e9b07",
                "sha256:bba1a940985c052c5cc7849f97da196ebc81f3b85ec10c56ef1f3228aa9cbe74"
            ],
            "version": "==3.14.0"
        },
        "platformio": {
            "hashes": [
                "sha256:94584b1cfd8cc82ee5c51cbecba57e884f906b0c3f2903b136049796d62ae86a"
            ],
            "index": "pypi",
            "version": "==5.2.3"
        },
        "pyelftools": {
            "hashes": [
                "sha256:5609aa6da1123fccfae2e8431a67b4146aa7fad5b3889f808df12b110f230937",
                "sha256:cde854e662774c5457d688ca41615f6594187ba7067af101232df889a6b7a66b"
            ],
            "version": "==0.27"
        },
        "pyserial": {
            "hashes": [
                "sha256:3c77e014170dfffbd816e6ffc205e9842efb10be9f58ec16d3e8675b4925cddb",
                "sha256:c4451db6ba391ca6ca299fb3ec7bae67a5c55dde170964c7a14ceefec02f2cf0"
            ],
            "version": "==3.5"
        },
        "requests": {
            "hashes": [
                "sha256:6c1246513ecd5ecd4528a0906f910e8f0f9c6b8ec72030dc9fd154dc1a6efd24",
                "sha256:b8aa58f8cf793ffd8782d3d8cb19e66ef36f7aba4353eec859e74678b01b07a7"
            ],
            "version": "==2.26.0"
        },
        "semantic-version": {
            "hashes": [
                "sha256:45e4b32ee9d6d70ba5f440ec8cc5221074c7f4b0e8918bdab748cc37912440a9",
                "sha256:d2cb2de0558762934679b9a104e82eca7af448c9f4974d1f3eeccff651df8a54"
            ],
            "version": "==2.8.5"
        },
        "sniffio": {
            "hashes": [
                "sha256:471b71698eac1c2112a40ce2752bb2f4a4814c22a54a3eed3676bc0f5ca9f663",
                "sha256:c4666eecec1d3f50960c6bdf61ab7bc350648da6c126e3cf6898d8cd4ddcd3de"
            ],
            "version": "==1.2.0"
        },
        "starlette": {
            "hashes": [
                "sha256:31a889e7d7bf487f70d9d197ed7efadb47fa938c58626ed93e381480833c5b84",
                "sha256:64ffd950183d474df2cf7a4018c8bbb31a481367691c70f5ace4b2d376235f72"
            ],
            "version": "==0.17.0"
        },
        "tabulate": {
            "hashes": [
                "sha256:d7c013fe7abbc5e491394e10fa845f8f32fe54f8dc60c6622c6cf482d25d47e4",
                "sha256:eb1d13f25760052e8931f2ef80aaf6045a6cceb47514db8beab24cded16f13a7"
            ],
            "version": "==0.8.9"
        },
        "urllib3": {
            "hashes": [
                "sha256:4987c65554f7a2dbf30c18fd48778ef124af6fab771a377103da0585e2336ece",
                "sha256:c4fdf4019605b6e5423637e01bc9fe4daef873709a7973e195ceba0a62bbc844"
            ],
            "version": "==1.26.7"
        },
        "uvicorn": {
            "hashes": [
                "sha256:17f898c64c71a2640514d4089da2689e5db1ce5d4086c2d53699bf99513421c1",
                "sha256:d9a3c0dd1ca86728d3e235182683b4cf94cd53a867c288eaeca80ee781b2caff"
            ],
            "version": "==0.15.0"
        },
        "wsproto": {
            "hashes": [
                "sha256:868776f8456997ad0d9720f7322b746bbe9193751b5b290b7f924659377c8c38",
                "sha256:d8345d1808dd599b5ffb352c25a367adb6157e664e140dbecba3f9bc007edb9f"
            ],
            "version": "==1.0.0"
        },
        "zeroconf": {
            "hashes": [
                "sha256:1f1994f550abfeda10a9d5924c7e5b463213ea5ca87198da751c74995f59e780",
                "sha256:770f4d74cc1709dc6d0eca86b62f5f81515663a774a6aa4ff076f2b65ab514e2"
            ],
            "version": "==0.36.12"
        }
    },
    "develop": {}
}
